{
  "version": 1,
  "dependencies": {
    "net11.0": {
      "Microsoft.AspNetCore.Mvc.Testing": {
        "type": "Direct",
        "requested": "[11.0.0-preview.7.26381.103, )",
        "resolved": "11.0.0-preview.7.26381.103",
        "contentHash": "cRU9v+NABq2Wl2mI8PMUHgAuLDm4gsfVeCCCba9ZIOGTiUgMDGL4rzmXymVrgkEmBXYO/iBnzoYcZsqwAmVlqg==",
        "dependencies": {
          "Microsoft.AspNetCore.TestHost": "11.0.0-preview.7.26381.103",
          "Microsoft.Extensions.DependencyModel": "11.0.0-preview.7.26381.103"
        }
      },
      "TUnit": {
        "type": "Direct",
        "requested": "[1.65.68, )",
        "resolved": "1.65.68",
        "contentHash": "m9T37lAzkKxAbnj3PkKQ9irRC0CvL8P2tuE2UzRyEsaaWMZZXIDHmSqjs4RDN4URnvT8iFfp3/1TLPUi4cwtXg==",
        "dependencies": {
          "Microsoft.Testing.Extensions.CodeCoverage": "18.10.0",
          "Microsoft.Testing.Extensions.Telemetry": "2.3.3",
          "Microsoft.Testing.Extensions.TrxReport": "2.3.3",
          "TUnit.Assertions": "1.65.68",
          "TUnit.Engine": "1.65.68"
        }
      },
      "TUnit.AspNetCore": {
        "type": "Direct",
        "requested": "[1.65.68, )",
        "resolved": "1.65.68",
        "contentHash": "yuez7oBuXwemCQfZ4dUwo4XBsVGweAzL59/hLh9hmT1OWSdaQJLKgrh+GyKZ5qLsGpnwRDkc1SprM1UFxR7ZNw==",
        "dependencies": {
          "TUnit": "1.65.68",
          "TUnit.AspNetCore.Core": "1.65.68"
        }
      },
      "EFCore.CheckConstraints": {
        "type": "Transitive",
        "resolved": "10.0.0",
        "contentHash": "O6dAN5TlBvn0NKZ/At9iE3fMBZ89N83nlqnROSuH6W3EIoYIiXohklsIWfTh2iHomPAC9IKGi34D3FpdNbCXxg==",
        "dependencies": {
          "Microsoft.EntityFrameworkCore": "[10.0.0, 11.0.0)",
          "Microsoft.EntityFrameworkCore.Relational": "[10.0.0, 11.0.0)"
        }
      },
      "EFCore.NamingConventions": {
        "type": "Transitive",
        "resolved": "10.0.1",
        "contentHash": "Xs5k8XfNKPkkQSkGmZkmDI1je0prLTdxse+s8PgTFZxyBrlrTLzTBUTVJtQKSsbvu4y+luAv8DdtO5SALJE++A==",
        "dependencies": {
          "Microsoft.EntityFrameworkCore": "[10.0.1, 11.0.0)",
          "Microsoft.EntityFrameworkCore.Relational": "[10.0.1, 11.0.0)"
        }
      },
      "FluentValidation": {
        "type": "Transitive",
        "resolved": "12.1.1",
        "contentHash": "EPpkIe1yh1a0OXyC100oOA8WMbZvqUu5plwhvYcb7oSELfyUZzfxV48BLhvs3kKo4NwG7MGLNgy1RJiYtT8Dpw=="
      },
      "FluentValidation.DependencyInjectionExtensions": {
        "type": "Transitive",
        "resolved": "12.1.1",
        "contentHash": "D0VXh4dtjjX2aQizuaa0g6R8X3U1JaVqJPfGCvLwZX9t/O2h7tkpbitbadQMfwcgSPdDbI2vDxuwRMv/Uf9dHA==",
        "dependencies": {
          "FluentValidation": "12.1.1"
        }
      },
      "Geralt": {
        "type": "Transitive",
        "resolved": "4.4.0",
        "contentHash": "fQ0rNmRFrGkdQNW0IJwfA8VqDwPTDEVmxHme5Acet+70AeKcd9LDTXj8MXFPCHRPiNo3le+lFUW32+tEmITIOQ==",
        "dependencies": {
          "libsodium": "[1.0.22, 1.0.23)"
        }
      },
      "libsodium": {
        "type": "Transitive",
        "resolved": "1.0.22",
        "contentHash": "KPD9SloJFclrsjnhABu7dzWrcyYkwPbvx5l1gRSPAX/0n+OBtSiVCKtGFv4n+ecWUHU0tCG9LSSwoZZx673zBQ=="
      },
      "Microsoft.ApplicationInsights": {
        "type": "Transitive",
        "resolved": "2.23.0",
        "contentHash": "nWArUZTdU7iqZLycLKWe0TDms48KKGE6pONH2terYNa8REXiqixrMOkf1sk5DHGMaUTqONU2YkS4SAXBhLStgw=="
      },
      "Microsoft.AspNetCore.OpenApi": {
        "type": "Transitive",
        "resolved": "11.0.0-preview.7.26381.103",
        "contentHash": "HGdcrbFrXSsoLFiu8Uc6TcXVizFbemAfgXWvgcuSq5+1f+b0ZHGBHjYr9Ow8TGrntQwhbvTeXTcCwUg2ftC63Q==",
        "dependencies": {
          "Microsoft.OpenApi": "[3.9.0, 4.0.0)"
        }
      },
      "Microsoft.AspNetCore.TestHost": {
        "type": "Transitive",
        "resolved": "11.0.0-preview.7.26381.103",
        "contentHash": "8usklCNNIT5KUaGJ0zdqJGfViAcHHQ1HAIFc92KBDKZMXLuZ8q3oVVCiPafKqZ1AYDkmHtoLr7LEB6ca18urjQ=="
      },
      "Microsoft.DiaSymReader": {
        "type": "Transitive",
        "resolved": "2.2.10",
        "contentHash": "zmGsm6b2y3STDa/Of7rdkkfTDV8VuGB8aCqIkLoJIQh5tL78K3zJ8OUyFKnfsaORXmGr9iOKwDkZfUjeXi+CwA=="
      },
      "Microsoft.EntityFrameworkCore": {
        "type": "Transitive",
        "resolved": "11.0.0-preview.6.26359.118",
        "contentHash": "u5jtJTa7iU8K4qLuKjYYyDwglP1wRCVXV82m5ixygtJx0wYt0nERgc6eByRYrw9ZYeHg92t/gnrNaHyKT+VHPg==",
        "dependencies": {
          "Microsoft.EntityFrameworkCore.Abstractions": "[11.0.0-preview.6.26359.118, 12.0.0-a)",
          "Microsoft.EntityFrameworkCore.Analyzers": "[11.0.0-preview.6.26359.118, 12.0.0-a)"
        }
      },
      "Microsoft.EntityFrameworkCore.Abstractions": {
        "type": "Transitive",
        "resolved": "11.0.0-preview.6.26359.118",
        "contentHash": "vrXBdwCEW4eeiWHMxKUoNZRZwMCBb8/qm4w/1xU4SWmX2BXMjafJOaaScnNyREN0P8KwfCUO592LNNTzePE5Lg=="
      },
      "Microsoft.EntityFrameworkCore.Analyzers": {
        "type": "Transitive",
        "resolved": "11.0.0-preview.6.26359.118",
        "contentHash": "OZA6GrdqAAbYHUaiLbPwXJJ4ClDRQDQfad6qxS2wcUMRRZcb/NTHtdLZvUPu8Wuc4nv8mIwXcBOJ8OIYbd9oVw=="
      },
      "Microsoft.EntityFrameworkCore.Relational": {
        "type": "Transitive",
        "resolved": "11.0.0-preview.6.26359.118",
        "contentHash": "8TYNvO55Mn4gXxW0sjQisu4a3/+w3LEsi9PYqyJa8X3qE2uCouvhWcPCGyNg+62FkrqwDqWfC1/Ht+BZ3ciNvQ==",
        "dependencies": {
          "Microsoft.EntityFrameworkCore": "[11.0.0-preview.6.26359.118, 12.0.0-a)"
        }
      },
      "Microsoft.Extensions.DependencyModel": {
        "type": "Transitive",
        "resolved": "11.0.0-preview.7.26381.103",
        "contentHash": "/l/YxWgrzRRbBNobU8rhiSF4O8UPHqOvm/wUu6J2SIKKWFw3t1xdPsQ5xeQyUTNRCjzkXuDD9VSIS0ABdSIvkw=="
      },
      "Microsoft.OpenApi": {
        "type": "Transitive",
        "resolved": "3.9.0",
        "contentHash": "2sDK6AFY1L/Xg8JvwlaDoPwzGqCftjUgHG2NhCy8gNV/1v4eXziYoH39e/pwC7oTBJInuYUUJqfkRpIMPQ/Fyw=="
      },
      "Microsoft.Testing.Extensions.CodeCoverage": {
        "type": "Transitive",
        "resolved": "18.10.0",
        "contentHash": "elUX4tKloHh2VCxagbmhV1039xBuE3lKXITtt/hUYU286hl+ja8poOUsF9OnevKoFKt7+p9vLb1LqqW7rFGi9Q==",
        "dependencies": {
          "Microsoft.DiaSymReader": "2.2.10",
          "Microsoft.Extensions.DependencyModel": "10.0.10",
          "Microsoft.Testing.Platform": "2.3.3"
        }
      },
      "Microsoft.Testing.Extensions.Telemetry": {
        "type": "Transitive",
        "resolved": "2.3.3",
        "contentHash": "nY8ceQyPWB9TRE1WE5Oe/sks2e10SxgPv61vBHsFYpgCeDtNwhpMZwmL29GklO3/etTdOsLdrCmNr4zJWaR2fg==",
        "dependencies": {
          "Microsoft.ApplicationInsights": "2.23.0",
          "Microsoft.Testing.Platform": "2.3.3"
        }
      },
      "Microsoft.Testing.Extensions.TrxReport": {
        "type": "Transitive",
        "resolved": "2.3.3",
        "contentHash": "vYBqGSlT94B8d6d4PRdPQ83ogn3kK4kXcnI3SlHBHZu1XsU01IDTMnWoto5v5wXN/Mz4XsVM3Do/sJdGRgH29g==",
        "dependencies": {
          "Microsoft.Testing.Extensions.TrxReport.Abstractions": "2.3.3",
          "Microsoft.Testing.Platform": "2.3.3"
        }
      },
      "Microsoft.Testing.Extensions.TrxReport.Abstractions": {
        "type": "Transitive",
        "resolved": "2.3.3",
        "contentHash": "dceVNxnfTEjKnrIreLcMfkgrzzBY8kgCCJX5NAv7Lq/6vPlTP4VB5zxKeuYy0yfCoBtWuPkLjUG6qtOBMfpypA==",
        "dependencies": {
          "Microsoft.Testing.Platform": "2.3.3"
        }
      },
      "Microsoft.Testing.Platform": {
        "type": "Transitive",
        "resolved": "2.3.3",
        "contentHash": "ENbH4BQh9riXtOKc25KKITfiGGWhWMBJA7pZuNaF9zxzzSaVkp5AMeZxGQ6sXYaR6xb724NLz985Is6XIYqLSg=="
      },
      "Microsoft.Testing.Platform.MSBuild": {
        "type": "Transitive",
        "resolved": "2.3.3",
        "contentHash": "iVAvNbZ5JPDZSrTcIrCDoCsAkzjDxwDEt2mDuMd8ng1P6e2P2NCd0g0BsoBVG+nJLSmK//V+yeEvjCa3E2fxHw==",
        "dependencies": {
          "Microsoft.Testing.Platform": "2.3.3"
        }
      },
      "NodaTime": {
        "type": "Transitive",
        "resolved": "3.3.3",
        "contentHash": "EwouHZv99j5hraq34yQqvCQGDR59dynxPHlxFm2vY/sw2N2aR8cFel29ZxPqohjBWp9Qsnld7QCY+7uZ2PESGg=="
      },
      "NodaTime.Serialization.SystemTextJson": {
        "type": "Transitive",
        "resolved": "1.4.0",
        "contentHash": "jGe0WLNAoRb3efOgsa5iecmMuzP+LNdtw2Rs4N9+2pS4YN+kg8e9Z48Jk47WWebcpqF81YdWT2KNInbXZXTS7w==",
        "dependencies": {
          "NodaTime": "[3.0.0, 4.0.0)"
        }
      },
      "Npgsql": {
        "type": "Transitive",
        "resolved": "10.0.3",
        "contentHash": "7nb5YzXuvWWJxB0J8DiyL3we+X4FOctZrt0fIBnucOIaIevFEEwGQVZKtiu9olXdlNAK1eNgqSral6r/jlhI4w=="
      },
      "Npgsql.EntityFrameworkCore.PostgreSQL": {
        "type": "Transitive",
        "resolved": "11.0.0-preview.6",
        "contentHash": "XkdOFpq/HgimHeAARPmcfyMM+wdPk2gpvNgQq74k9OSZmxtTjH24s3l6ifsFIgyA18fo/rqYDi+tLhV/R7ihOQ==",
        "dependencies": {
          "Microsoft.EntityFrameworkCore": "[11.0.0-preview.6.26359.118]",
          "Microsoft.EntityFrameworkCore.Relational": "[11.0.0-preview.6.26359.118]",
          "Npgsql": "10.0.3"
        }
      },
      "Npgsql.EntityFrameworkCore.PostgreSQL.NodaTime": {
        "type": "Transitive",
        "resolved": "11.0.0-preview.6",
        "contentHash": "dpcS0PtIFmPnJ2Wcr05JsTLmGaze7ekgS+5IJzTedDSXXu6YrVL3cCNv3kF7eaY5+glAWw1Shy0psIVp/WX5Og==",
        "dependencies": {
          "Npgsql.EntityFrameworkCore.PostgreSQL": "11.0.0-preview.6",
          "Npgsql.NodaTime": "10.0.3"
        }
      },
      "Npgsql.NodaTime": {
        "type": "Transitive",
        "resolved": "10.0.3",
        "contentHash": "6ba1CM/zAoI7bTuBV7cFhTR3qqUsY5FqqqNoOh7dHoFHcyEEpIsMui3mC3Swyc+oyAJG0Zf8DCiXPnAf+sW09A==",
        "dependencies": {
          "NodaTime": "3.2.2",
          "Npgsql": "10.0.3"
        }
      },
      "OpenTelemetry": {
        "type": "Transitive",
        "resolved": "1.18.0",
        "contentHash": "13AKxycK+olOLe061MjliPTNBR/DUkjyRr0b9zwUhKyMjFS8lXS7G31R85rkbM55up2YFmdykWdAw2giBDJpiQ==",
        "dependencies": {
          "OpenTelemetry.Api.ProviderBuilderExtensions": "1.18.0"
        }
      },
      "OpenTelemetry.Api": {
        "type": "Transitive",
        "resolved": "1.18.0",
        "contentHash": "Dhzm5oughIY9EWckt2J1yXcEbXpki5WCL2q7prJoYxzH6C7jdkfGtPMTkUVZZ4AhjJKzQnlC+kLSIlmIVwC4Vw=="
      },
      "OpenTelemetry.Api.ProviderBuilderExtensions": {
        "type": "Transitive",
        "resolved": "1.18.0",
        "contentHash": "io6A6PJFp3vIObRGf6oPjdHsdglkinXt/0SpTDJHrVnsLxUtOzwh/QwTsnhBJ43wJ6QcGMkyNzsSSY8XEB1Q5Q==",
        "dependencies": {
          "OpenTelemetry.Api": "1.18.0"
        }
      },
      "OpenTelemetry.Exporter.OpenTelemetryProtocol": {
        "type": "Transitive",
        "resolved": "1.18.0",
        "contentHash": "Et3WAviooKGObZjUZN8d6eTsdJs1YM3ZoN+KlWSAHksTmHG1nyGi9XGo2wb0fkFMWK0g80FOPdR1njg52Dm+aw==",
        "dependencies": {
          "OpenTelemetry": "1.18.0"
        }
      },
      "OpenTelemetry.Extensions.Hosting": {
        "type": "Transitive",
        "resolved": "1.18.0",
        "contentHash": "u+JMA82H65MKwMvd2qUpL8C2qE4Jux2nvX9hmy036UK/Apv2YyIRYCttF/vlX6nMPcAKI8BXkscmL4QG3C69fw==",
        "dependencies": {
          "OpenTelemetry": "1.18.0"
        }
      },
      "OpenTelemetry.Instrumentation.AspNetCore": {
        "type": "Transitive",
        "resolved": "1.18.0",
        "contentHash": "hBiMXE/CGIAHUOpi0gScNkjHB0L9XbCin5lZObL+dMBl4OmpndnHgxP3JZDnnGtU6qOzdeh8TYUV9f6Jgmmhlw==",
        "dependencies": {
          "OpenTelemetry.Api.ProviderBuilderExtensions": "[1.18.0, 2.0.0)"
        }
      },
      "OpenTelemetry.Instrumentation.Http": {
        "type": "Transitive",
        "resolved": "1.18.0",
        "contentHash": "/X57peOOa4a+9V4DSVXbuIWdsAxmU5gsxw8lu+gJU0zuewsYhC9f6qdm8GEW0VvqG9e+gxn0HdVR5G3YHcWDTw==",
        "dependencies": {
          "OpenTelemetry.Api.ProviderBuilderExtensions": "[1.18.0, 2.0.0)"
        }
      },
      "Scalar.AspNetCore": {
        "type": "Transitive",
        "resolved": "2.17.1",
        "contentHash": "7np19IKEqPi+Isbo5Ka1wdMsQedv5jUECPHq223NgKEL7eGd+z98ncZRmpYfKotU/BD07kJSpnPaXp6X0TzRKw=="
      },
      "SharpGrip.FluentValidation.AutoValidation.Endpoints": {
        "type": "Transitive",
        "resolved": "2.0.0",
        "contentHash": "XO7t6wVt1XmO2BG2Y23X8/CFnu0r7XVlJTcWymTNoyXHHcr0Kip+b3IEe+Gc7kNqTXnCO+Rrmt6Xy9YdJ3b6yw==",
        "dependencies": {
          "SharpGrip.FluentValidation.AutoValidation.Shared": "2.0.0"
        }
      },
      "SharpGrip.FluentValidation.AutoValidation.Shared": {
        "type": "Transitive",
        "resolved": "2.0.0",
        "contentHash": "0DWoin27wm38K/O0zVS5yeWJld2eg588B+4wJSmVlISrOj3kGwRmWCEXFR8lTNWFnKpXHNOtrIo1vdZnhkhzQg==",
        "dependencies": {
          "FluentValidation": "10.0.0"
        }
      },
      "TUnit.AspNetCore.Core": {
        "type": "Transitive",
        "resolved": "1.65.68",
        "contentHash": "hynQ0HwcUj40GukW8ClN2THJhRvHWTRjlWTOC+qrJCXMlWF7UDkqK4oT623hAkEjT7zY3KNvTTzX7b6pHPAx8w==",
        "dependencies": {
          "Microsoft.AspNetCore.Mvc.Testing": "10.0.11",
          "OpenTelemetry.Extensions.Hosting": "1.18.0",
          "OpenTelemetry.Instrumentation.AspNetCore": "1.18.0",
          "OpenTelemetry.Instrumentation.Http": "1.18.0",
          "TUnit.Core": "1.65.68",
          "TUnit.Logging.Microsoft": "1.65.68",
          "TUnit.OpenTelemetry": "1.65.68"
        }
      },
      "TUnit.Assertions": {
        "type": "Transitive",
        "resolved": "1.65.68",
        "contentHash": "9k88ue1cG4Gt2M2le3VQrdWK3ngTxSXdnXshvsVr3jeH80ZmBTGIZ5K5EdZpIkdca6j10pcMmJSHuFhkSz85Nw=="
      },
      "TUnit.Core": {
        "type": "Transitive",
        "resolved": "1.65.68",
        "contentHash": "5uE6TGXwY/ozRgz5qNLK+n6XGfS2tgG8AA2loA1YilBZTMgbnv2QoPdyBPS4f/uQQZ1sclCq7zdF1aUQkDxNug=="
      },
      "TUnit.Engine": {
        "type": "Transitive",
        "resolved": "1.65.68",
        "contentHash": "1D0LcIzrz7th8AP8vHGK/5vWsxa4QnJurMRGuo6y+vzDePkfCRXGGirLd7Cty8Bs87dIFaiRI9AvAKWDzkOHuQ==",
        "dependencies": {
          "Microsoft.Testing.Extensions.TrxReport.Abstractions": "2.3.3",
          "Microsoft.Testing.Platform": "2.3.3",
          "Microsoft.Testing.Platform.MSBuild": "2.3.3",
          "TUnit.Core": "1.65.68"
        }
      },
      "TUnit.Logging.Microsoft": {
        "type": "Transitive",
        "resolved": "1.65.68",
        "contentHash": "uNA+8BmUbfRADlH1O3TOZWfPttL7pXKI1/bknpxr2BSRDpcfcPDEocWcn2BIDmJBs3+16ss1jx6vsg8/XLNacQ==",
        "dependencies": {
          "TUnit.Core": "1.65.68"
        }
      },
      "TUnit.OpenTelemetry": {
        "type": "Transitive",
        "resolved": "1.65.68",
        "contentHash": "kLwTIp5WHEmZ6qBsEyqinRj7bsDW5Irz4Le1PrNRC4OORE2NOAL1nRILsaGLpOgoo/Kpi5Kz/O6yo/lg6jo/6A==",
        "dependencies": {
          "OpenTelemetry": "1.18.0",
          "OpenTelemetry.Exporter.OpenTelemetryProtocol": "1.18.0",
          "TUnit.Core": "1.65.68"
        }
      },
      "api": {
        "type": "Project",
        "dependencies": {
          "EFCore.CheckConstraints": "[10.0.0, )",
          "EFCore.NamingConventions": "[10.0.1, )",
          "FluentValidation": "[12.1.1, )",
          "FluentValidation.DependencyInjectionExtensions": "[12.1.1, )",
          "Geralt": "[4.4.0, )",
          "Microsoft.AspNetCore.OpenApi": "[11.0.0-preview.7.26381.103, )",
          "NodaTime": "[3.3.3, )",
          "NodaTime.Serialization.SystemTextJson": "[1.4.0, )",
          "Npgsql.EntityFrameworkCore.PostgreSQL": "[11.0.0-preview.6, )",
          "Npgsql.EntityFrameworkCore.PostgreSQL.NodaTime": "[11.0.0-preview.6, )",
          "Npgsql.NodaTime": "[10.0.3, )",
          "Scalar.AspNetCore": "[2.17.1, )",
          "SharpGrip.FluentValidation.AutoValidation.Endpoints": "[2.0.0, )"
        }
      }
    }
  }
}